
Microsoft Visual Studio Solution File, Format Version 12.00
# Visual Studio 15
VisualStudioVersion = 15.0.28307.102
MinimumVisualStudioVersion = 10.0.40219.1
Project("{FAE04EC0-301F-11D3-BF4B-00C04F79EFBC}") = "AspNetCoreLoggingTest", "AspNetCoreLoggingTest\AspNetCoreLoggingTest.csproj", "{DF4D6951-8D61-4A11-8461-89B03D42DC52}"
EndProject
Global
	GlobalSection(SolutionConfigurationPlatforms) = preSolution
		Debug|Any CPU = Debug|Any CPU
		Release|Any CPU = Release|Any CPU
	EndGlobalSection
	GlobalSection(ProjectConfigurationPlatforms) = postSolution
		{DF4D6951-8D61-4A11-8461-89B03D42DC52}.Debug|Any CPU.ActiveCfg = Debug|Any CPU
		{DF4D6951-8D61-4A11-8461-89B03D42DC52}.Debug|Any CPU.Build.0 = Debug|Any CPU
		{DF4D6951-8D61-4A11-8461-89B03D42DC52}.Release|Any CPU.ActiveCfg = Release|Any CPU
		{DF4D6951-8D61-4A11-8461-89B03D42DC52}.Release|Any CPU.Build.0 = Release|Any CPU
	EndGlobalSection
	GlobalSection(SolutionProperties) = preSolution
		HideSolutionNode = FALSE
	EndGlobalSection
	GlobalSection(ExtensibilityGlobals) = postSolution
		SolutionGuid = {6155AD20-AF44-4428-9E86-F457B55227C4}
	EndGlobalSection
EndGlobal
